
Microsoft Visual Studio Solution File, Format Version 12.00
# Visual Studio Version 17
VisualStudioVersion = 17.3.32804.467
MinimumVisualStudioVersion = 10.0.40219.1
Project("{FAE04EC0-301F-11D3-BF4B-00C04F79EFBC}") = "sevDesk.Api", "sevDesk.Api\sevDesk.Api.csproj", "{99614C58-7C9E-4F87-B6AA-7315D4F07085}"
EndProject
Project("{FAE04EC0-301F-11D3-BF4B-00C04F79EFBC}") = "sevDesk.Api.DependencyInjection", "sevDesk.Api.DependencyInjection\sevDesk.Api.DependencyInjection.csproj", "{87ABF63F-A541-469E-BBD7-11ECDEBD0A3D}"
EndProject
Global
	GlobalSection(SolutionConfigurationPlatforms) = preSolution
		Debug|Any CPU = Debug|Any CPU
		Release|Any CPU = Release|Any CPU
	EndGlobalSection
	GlobalSection(ProjectConfigurationPlatforms) = postSolution
		{99614C58-7C9E-4F87-B6AA-7315D4F07085}.Debug|Any CPU.ActiveCfg = Debug|Any CPU
		{99614C58-7C9E-4F87-B6AA-7315D4F07085}.Debug|Any CPU.Build.0 = Debug|Any CPU
		{99614C58-7C9E-4F87-B6AA-7315D4F07085}.Release|Any CPU.ActiveCfg = Release|Any CPU
		{99614C58-7C9E-4F87-B6AA-7315D4F07085}.Release|Any CPU.Build.0 = Release|Any CPU
		{87ABF63F-A541-469E-BBD7-11ECDEBD0A3D}.Debug|Any CPU.ActiveCfg = Debug|Any CPU
		{87ABF63F-A541-469E-BBD7-11ECDEBD0A3D}.Debug|Any CPU.Build.0 = Debug|Any CPU
		{87ABF63F-A541-469E-BBD7-11ECDEBD0A3D}.Release|Any CPU.ActiveCfg = Release|Any CPU
		{87ABF63F-A541-469E-BBD7-11ECDEBD0A3D}.Release|Any CPU.Build.0 = Release|Any CPU
	EndGlobalSection
	GlobalSection(SolutionProperties) = preSolution
		HideSolutionNode = FALSE
	EndGlobalSection
	GlobalSection(ExtensibilityGlobals) = postSolution
		SolutionGuid = {17F202CC-C1CB-41E8-B988-C76C20214304}
	EndGlobalSection
EndGlobal
